// !$*UTF8*$!
{
	archiveVersion = 1;
	classes = {
	};
	objectVersion = 46;
	objects = {

/* Begin PBXBuildFile section */
		89A59E951CDD9392004F3439 /* RequestHandler.swift in Sources */ = {isa = PBXBuildFile; fileRef = 89A59E941CDD9392004F3439 /* RequestHandler.swift */; };
		89A59E971CDD9D22004F3439 /* LifeEvent.swift in Sources */ = {isa = PBXBuildFile; fileRef = 89A59E961CDD9D22004F3439 /* LifeEvent.swift */; };
		CCDC11AE76801281712C2FDE /* Pods_TransUnion.framework in Frameworks */ = {isa = PBXBuildFile; fileRef = A718453EBC0DC0CA279A39A7 /* Pods_TransUnion.framework */; };
		DB74C5911CDD649500789D06 /* AppDelegate.swift in Sources */ = {isa = PBXBuildFile; fileRef = DB74C5901CDD649500789D06 /* AppDelegate.swift */; };
		DB74C5931CDD649500789D06 /* GameScene.sks in Resources */ = {isa = PBXBuildFile; fileRef = DB74C5921CDD649500789D06 /* GameScene.sks */; };
		DB74C5951CDD649500789D06 /* GameScene.swift in Sources */ = {isa = PBXBuildFile; fileRef = DB74C5941CDD649500789D06 /* GameScene.swift */; };
		DB74C5971CDD649500789D06 /* GameViewController.swift in Sources */ = {isa = PBXBuildFile; fileRef = DB74C5961CDD649500789D06 /* GameViewController.swift */; };
		DB74C59A1CDD649500789D06 /* Main.storyboard in Resources */ = {isa = PBXBuildFile; fileRef = DB74C5981CDD649500789D06 /* Main.storyboard */; };
		DB74C59C1CDD649500789D06 /* Assets.xcassets in Resources */ = {isa = PBXBuildFile; fileRef = DB74C59B1CDD649500789D06 /* Assets.xcassets */; };
		DB74C59F1CDD649500789D06 /* LaunchScreen.storyboard in Resources */ = {isa = PBXBuildFile; fileRef = DB74C59D1CDD649500789D06 /* LaunchScreen.storyboard */; };
		DB74C5AE1CDD804900789D06 /* User.swift in Sources */ = {isa = PBXBuildFile; fileRef = DB74C5AD1CDD804900789D06 /* User.swift */; };
		DB74C5B91CDD9DBF00789D06 /* Score.swift in Sources */ = {isa = PBXBuildFile; fileRef = DB74C5B81CDD9DBF00789D06 /* Score.swift */; };
		DBE07BB11CDE3BEC004038EA /* IntermediateResultsViewController.swift in Sources */ = {isa = PBXBuildFile; fileRef = DBE07BB01CDE3BEC004038EA /* IntermediateResultsViewController.swift */; };
		DBE07BB81CDE5BAB004038EA /* Info.plist in Resources */ = {isa = PBXBuildFile; fileRef = DB74C5A01CDD649500789D06 /* Info.plist */; };
		DBE07BBE1CDE5C97004038EA /* IntroSemiBoldCaps.ttf in Resources */ = {isa = PBXBuildFile; fileRef = DBE07BBB1CDE5C97004038EA /* IntroSemiBoldCaps.ttf */; };
		DBE07BC51CDE5EFF004038EA /* IntroRegular.ttf in Resources */ = {isa = PBXBuildFile; fileRef = DBE07BC31CDE5EFF004038EA /* IntroRegular.ttf */; };
		DBE07BC61CDE5EFF004038EA /* IntroSemiBold.ttf in Resources */ = {isa = PBXBuildFile; fileRef = DBE07BC41CDE5EFF004038EA /* IntroSemiBold.ttf */; };
		DBFD22DD1CDDAE4200991B8B /* d3.js in Resources */ = {isa = PBXBuildFile; fileRef = DBFD22DA1CDDAE4200991B8B /* d3.js */; };
		DBFD22DE1CDDAE4200991B8B /* index.html in Resources */ = {isa = PBXBuildFile; fileRef = DBFD22DB1CDDAE4200991B8B /* index.html */; };
		DBFD22DF1CDDAE4200991B8B /* radialProgress.js in Resources */ = {isa = PBXBuildFile; fileRef = DBFD22DC1CDDAE4200991B8B /* radialProgress.js */; };
		DBFD22E11CDDC77600991B8B /* FinalResultsScreen.swift in Sources */ = {isa = PBXBuildFile; fileRef = DBFD22E01CDDC77600991B8B /* FinalResultsScreen.swift */; };
		DBFD22E71CDDD4F900991B8B /* FinalResultsViewController.swift in Sources */ = {isa = PBXBuildFile; fileRef = DBFD22E61CDDD4F900991B8B /* FinalResultsViewController.swift */; };
/* End PBXBuildFile section */

/* Begin PBXFileReference section */
		5D41700E19E476BCA7F645DE /* Pods-TransUnion.debug.xcconfig */ = {isa = PBXFileReference; includeInIndex = 1; lastKnownFileType = text.xcconfig; name = "Pods-TransUnion.debug.xcconfig"; path = "Pods/Target Support Files/Pods-TransUnion/Pods-TransUnion.debug.xcconfig"; sourceTree = "<group>"; };
		89A59E941CDD9392004F3439 /* RequestHandler.swift */ = {isa = PBXFileReference; fileEncoding = 4; lastKnownFileType = sourcecode.swift; path = RequestHandler.swift; sourceTree = "<group>"; };
		89A59E961CDD9D22004F3439 /* LifeEvent.swift */ = {isa = PBXFileReference; fileEncoding = 4; lastKnownFileType = sourcecode.swift; path = LifeEvent.swift; sourceTree = "<group>"; };
		A718453EBC0DC0CA279A39A7 /* Pods_TransUnion.framework */ = {isa = PBXFileReference; explicitFileType = wrapper.framework; includeInIndex = 0; path = Pods_TransUnion.framework; sourceTree = BUILT_PRODUCTS_DIR; };
		A9A4669195EFE3F00E4D7198 /* Pods-TransUnion.release.xcconfig */ = {isa = PBXFileReference; includeInIndex = 1; lastKnownFileType = text.xcconfig; name = "Pods-TransUnion.release.xcconfig"; path = "Pods/Target Support Files/Pods-TransUnion/Pods-TransUnion.release.xcconfig"; sourceTree = "<group>"; };
		DB74C58D1CDD649500789D06 /* TransUnion.app */ = {isa = PBXFileReference; explicitFileType = wrapper.application; includeInIndex = 0; path = TransUnion.app; sourceTree = BUILT_PRODUCTS_DIR; };
		DB74C5901CDD649500789D06 /* AppDelegate.swift */ = {isa = PBXFileReference; lastKnownFileType = sourcecode.swift; path = AppDelegate.swift; sourceTree = "<group>"; };
		DB74C5921CDD649500789D06 /* GameScene.sks */ = {isa = PBXFileReference; lastKnownFileType = file.sks; path = GameScene.sks; sourceTree = "<group>"; };
		DB74C5941CDD649500789D06 /* GameScene.swift */ = {isa = PBXFileReference; lastKnownFileType = sourcecode.swift; path = GameScene.swift; sourceTree = "<group>"; };
		DB74C5961CDD649500789D06 /* GameViewController.swift */ = {isa = PBXFileReference; lastKnownFileType = sourcecode.swift; path = GameViewController.swift; sourceTree = "<group>"; };
		DB74C5991CDD649500789D06 /* Base */ = {isa = PBXFileReference; lastKnownFileType = file.storyboard; name = Base; path = Base.lproj/Main.storyboard; sourceTree = "<group>"; };
		DB74C59B1CDD649500789D06 /* Assets.xcassets */ = {isa = PBXFileReference; lastKnownFileType = folder.assetcatalog; path = Assets.xcassets; sourceTree = "<group>"; };
		DB74C59E1CDD649500789D06 /* Base */ = {isa = PBXFileReference; lastKnownFileType = file.storyboard; name = Base; path = Base.lproj/LaunchScreen.storyboard; sourceTree = "<group>"; };
		DB74C5A01CDD649500789D06 /* Info.plist */ = {isa = PBXFileReference; lastKnownFileType = text.plist.xml; path = Info.plist; sourceTree = "<group>"; };
		DB74C5AD1CDD804900789D06 /* User.swift */ = {isa = PBXFileReference; fileEncoding = 4; lastKnownFileType = sourcecode.swift; path = User.swift; sourceTree = "<group>"; };
		DB74C5B81CDD9DBF00789D06 /* Score.swift */ = {isa = PBXFileReference; fileEncoding = 4; lastKnownFileType = sourcecode.swift; path = Score.swift; sourceTree = "<group>"; };
		DBE07BB01CDE3BEC004038EA /* IntermediateResultsViewController.swift */ = {isa = PBXFileReference; fileEncoding = 4; lastKnownFileType = sourcecode.swift; path = IntermediateResultsViewController.swift; sourceTree = "<group>"; };
		DBE07BBB1CDE5C97004038EA /* IntroSemiBoldCaps.ttf */ = {isa = PBXFileReference; lastKnownFileType = file; path = IntroSemiBoldCaps.ttf; sourceTree = "<group>"; };
		DBE07BC31CDE5EFF004038EA /* IntroRegular.ttf */ = {isa = PBXFileReference; lastKnownFileType = file; path = IntroRegular.ttf; sourceTree = "<group>"; };
		DBE07BC41CDE5EFF004038EA /* IntroSemiBold.ttf */ = {isa = PBXFileReference; lastKnownFileType = file; path = IntroSemiBold.ttf; sourceTree = "<group>"; };
		DBFD22DA1CDDAE4200991B8B /* d3.js */ = {isa = PBXFileReference; fileEncoding = 4; lastKnownFileType = sourcecode.javascript; path = d3.js; sourceTree = "<group>"; };
		DBFD22DB1CDDAE4200991B8B /* index.html */ = {isa = PBXFileReference; fileEncoding = 4; lastKnownFileType = text.html; path = index.html; sourceTree = "<group>"; };
		DBFD22DC1CDDAE4200991B8B /* radialProgress.js */ = {isa = PBXFileReference; fileEncoding = 4; lastKnownFileType = sourcecode.javascript; path = radialProgress.js; sourceTree = "<group>"; };
		DBFD22E01CDDC77600991B8B /* FinalResultsScreen.swift */ = {isa = PBXFileReference; fileEncoding = 4; lastKnownFileType = sourcecode.swift; path = FinalResultsScreen.swift; sourceTree = "<group>"; };
		DBFD22E61CDDD4F900991B8B /* FinalResultsViewController.swift */ = {isa = PBXFileReference; fileEncoding = 4; lastKnownFileType = sourcecode.swift; path = FinalResultsViewController.swift; sourceTree = "<group>"; };
/* End PBXFileReference section */

/* Begin PBXFrameworksBuildPhase section */
		DB74C58A1CDD649500789D06 /* Frameworks */ = {
			isa = PBXFrameworksBuildPhase;
			buildActionMask = 2147483647;
			files = (
				CCDC11AE76801281712C2FDE /* Pods_TransUnion.framework in Frameworks */,
			);
			runOnlyForDeploymentPostprocessing = 0;
		};
/* End PBXFrameworksBuildPhase section */

/* Begin PBXGroup section */
		3EE0E158CC8E0FE36583A680 /* Frameworks */ = {
			isa = PBXGroup;
			children = (
				A718453EBC0DC0CA279A39A7 /* Pods_TransUnion.framework */,
			);
			name = Frameworks;
			sourceTree = "<group>";
		};
		99D2F85F1FE787D8E1F417FF /* Pods */ = {
			isa = PBXGroup;
			children = (
				5D41700E19E476BCA7F645DE /* Pods-TransUnion.debug.xcconfig */,
				A9A4669195EFE3F00E4D7198 /* Pods-TransUnion.release.xcconfig */,
			);
			name = Pods;
			sourceTree = "<group>";
		};
		DB74C5841CDD649500789D06 = {
			isa = PBXGroup;
			children = (
				DB74C58F1CDD649500789D06 /* TransUnion */,
				DB74C58E1CDD649500789D06 /* Products */,
				99D2F85F1FE787D8E1F417FF /* Pods */,
				3EE0E158CC8E0FE36583A680 /* Frameworks */,
			);
			sourceTree = "<group>";
		};
		DB74C58E1CDD649500789D06 /* Products */ = {
			isa = PBXGroup;
			children = (
				DB74C58D1CDD649500789D06 /* TransUnion.app */,
			);
			name = Products;
			sourceTree = "<group>";
		};
		DB74C58F1CDD649500789D06 /* TransUnion */ = {
			isa = PBXGroup;
			children = (
				DB74C5AA1CDD68C300789D06 /* Models */,
				DB74C5A61CDD64B100789D06 /* Views */,
				DB74C5A71CDD64BC00789D06 /* Controllers */,
				DB74C5A91CDD68AD00789D06 /* Scenes */,
				DB74C5A81CDD683900789D06 /* Supporting Files */,
			);
			path = TransUnion;
			sourceTree = "<group>";
		};
		DB74C5A61CDD64B100789D06 /* Views */ = {
			isa = PBXGroup;
			children = (
				DB74C59D1CDD649500789D06 /* LaunchScreen.storyboard */,
				DB74C5981CDD649500789D06 /* Main.storyboard */,
			);
			name = Views;
			sourceTree = "<group>";
		};
		DB74C5A71CDD64BC00789D06 /* Controllers */ = {
			isa = PBXGroup;
			children = (
				DB74C5901CDD649500789D06 /* AppDelegate.swift */,
				DB74C5961CDD649500789D06 /* GameViewController.swift */,
				DBFD22E61CDDD4F900991B8B /* FinalResultsViewController.swift */,
				DBE07BB01CDE3BEC004038EA /* IntermediateResultsViewController.swift */,
			);
			name = Controllers;
			sourceTree = "<group>";
		};
		DB74C5A81CDD683900789D06 /* Supporting Files */ = {
			isa = PBXGroup;
			children = (
				DBFD22D91CDDADFB00991B8B /* D3 */,
				DB74C5B11CDD85B800789D06 /* Fonts */,
				DB74C5A01CDD649500789D06 /* Info.plist */,
				DB74C59B1CDD649500789D06 /* Assets.xcassets */,
			);
			name = "Supporting Files";
			sourceTree = "<group>";
		};
		DB74C5A91CDD68AD00789D06 /* Scenes */ = {
			isa = PBXGroup;
			children = (
				DB74C5941CDD649500789D06 /* GameScene.swift */,
				DBFD22E01CDDC77600991B8B /* FinalResultsScreen.swift */,
				DB74C5921CDD649500789D06 /* GameScene.sks */,
			);
			name = Scenes;
			sourceTree = "<group>";
		};
		DB74C5AA1CDD68C300789D06 /* Models */ = {
			isa = PBXGroup;
			children = (
				89A59E961CDD9D22004F3439 /* LifeEvent.swift */,
				DB74C5AD1CDD804900789D06 /* User.swift */,
				89A59E941CDD9392004F3439 /* RequestHandler.swift */,
				DB74C5B81CDD9DBF00789D06 /* Score.swift */,
			);
			name = Models;
			sourceTree = "<group>";
		};
		DB74C5B11CDD85B800789D06 /* Fonts */ = {
			isa = PBXGroup;
			children = (
				DBE07BC31CDE5EFF004038EA /* IntroRegular.ttf */,
				DBE07BC41CDE5EFF004038EA /* IntroSemiBold.ttf */,
				DBE07BBB1CDE5C97004038EA /* IntroSemiBoldCaps.ttf */,
			);
			name = Fonts;
			sourceTree = "<group>";
		};
		DBFD22D91CDDADFB00991B8B /* D3 */ = {
			isa = PBXGroup;
			children = (
				DBFD22DA1CDDAE4200991B8B /* d3.js */,
				DBFD22DC1CDDAE4200991B8B /* radialProgress.js */,
				DBFD22DB1CDDAE4200991B8B /* index.html */,
			);
			name = D3;
			sourceTree = "<group>";
		};
/* End PBXGroup section */

/* Begin PBXNativeTarget section */
		DB74C58C1CDD649500789D06 /* TransUnion */ = {
			isa = PBXNativeTarget;
			buildConfigurationList = DB74C5A31CDD649500789D06 /* Build configuration list for PBXNativeTarget "TransUnion" */;
			buildPhases = (
				B8FF40AE0A83F5A409391D32 /* Check Pods Manifest.lock */,
				DB74C5891CDD649500789D06 /* Sources */,
				DB74C58A1CDD649500789D06 /* Frameworks */,
				DB74C58B1CDD649500789D06 /* Resources */,
				DB1F7EAA93519284AA530083 /* Embed Pods Frameworks */,
				43C83F6AE2B33EF11D5B930A /* Copy Pods Resources */,
			);
			buildRules = (
			);
			dependencies = (
			);
			name = TransUnion;
			productName = TransUnion;
			productReference = DB74C58D1CDD649500789D06 /* TransUnion.app */;
			productType = "com.apple.product-type.application";
		};
/* End PBXNativeTarget section */

/* Begin PBXProject section */
		DB74C5851CDD649500789D06 /* Project object */ = {
			isa = PBXProject;
			attributes = {
				LastSwiftUpdateCheck = 0730;
				LastUpgradeCheck = 0730;
				ORGANIZATIONNAME = "Vanessa Forney";
				TargetAttributes = {
					DB74C58C1CDD649500789D06 = {
						CreatedOnToolsVersion = 7.3.1;
						DevelopmentTeam = ZBB8HWSY4F;
					};
				};
			};
			buildConfigurationList = DB74C5881CDD649500789D06 /* Build configuration list for PBXProject "TransUnion" */;
			compatibilityVersion = "Xcode 3.2";
			developmentRegion = English;
			hasScannedForEncodings = 0;
			knownRegions = (
				en,
				Base,
			);
			mainGroup = DB74C5841CDD649500789D06;
			productRefGroup = DB74C58E1CDD649500789D06 /* Products */;
			projectDirPath = "";
			projectRoot = "";
			targets = (
				DB74C58C1CDD649500789D06 /* TransUnion */,
			);
		};
/* End PBXProject section */

/* Begin PBXResourcesBuildPhase section */
		DB74C58B1CDD649500789D06 /* Resources */ = {
			isa = PBXResourcesBuildPhase;
			buildActionMask = 2147483647;
			files = (
				DBE07BB81CDE5BAB004038EA /* Info.plist in Resources */,
				DB74C5931CDD649500789D06 /* GameScene.sks in Resources */,
				DB74C59F1CDD649500789D06 /* LaunchScreen.storyboard in Resources */,
				DBFD22DD1CDDAE4200991B8B /* d3.js in Resources */,
				DBE07BC51CDE5EFF004038EA /* IntroRegular.ttf in Resources */,
				DBE07BBE1CDE5C97004038EA /* IntroSemiBoldCaps.ttf in Resources */,
				DBFD22DE1CDDAE4200991B8B /* index.html in Resources */,
				DBE07BC61CDE5EFF004038EA /* IntroSemiBold.ttf in Resources */,
				DB74C59C1CDD649500789D06 /* Assets.xcassets in Resources */,
				DBFD22DF1CDDAE4200991B8B /* radialProgress.js in Resources */,
				DB74C59A1CDD649500789D06 /* Main.storyboard in Resources */,
			);
			runOnlyForDeploymentPostprocessing = 0;
		};
/* End PBXResourcesBuildPhase section */

/* Begin PBXShellScriptBuildPhase section */
		43C83F6AE2B33EF11D5B930A /* Copy Pods Resources */ = {
			isa = PBXShellScriptBuildPhase;
			buildActionMask = 2147483647;
			files = (
			);
			inputPaths = (
			);
			name = "Copy Pods Resources";
			outputPaths = (
			);
			runOnlyForDeploymentPostprocessing = 0;
			shellPath = /bin/sh;
			shellScript = "\"${SRCROOT}/Pods/Target Support Files/Pods-TransUnion/Pods-TransUnion-resources.sh\"\n";
			showEnvVarsInLog = 0;
		};
		B8FF40AE0A83F5A409391D32 /* Check Pods Manifest.lock */ = {
			isa = PBXShellScriptBuildPhase;
			buildActionMask = 2147483647;
			files = (
			);
			inputPaths = (
			);
			name = "Check Pods Manifest.lock";
			outputPaths = (
			);
			runOnlyForDeploymentPostprocessing = 0;
			shellPath = /bin/sh;
			shellScript = "diff \"${PODS_ROOT}/../Podfile.lock\" \"${PODS_ROOT}/Manifest.lock\" > /dev/null\nif [[ $? != 0 ]] ; then\n    cat << EOM\nerror: The sandbox is not in sync with the Podfile.lock. Run 'pod install' or update your CocoaPods installation.\nEOM\n    exit 1\nfi\n";
			showEnvVarsInLog = 0;
		};
		DB1F7EAA93519284AA530083 /* Embed Pods Frameworks */ = {
			isa = PBXShellScriptBuildPhase;
			buildActionMask = 2147483647;
			files = (
			);
			inputPaths = (
			);
			name = "Embed Pods Frameworks";
			outputPaths = (
			);
			runOnlyForDeploymentPostprocessing = 0;
			shellPath = /bin/sh;
			shellScript = "\"${SRCROOT}/Pods/Target Support Files/Pods-TransUnion/Pods-TransUnion-frameworks.sh\"\n";
			showEnvVarsInLog = 0;
		};
/* End PBXShellScriptBuildPhase section */

/* Begin PBXSourcesBuildPhase section */
		DB74C5891CDD649500789D06 /* Sources */ = {
			isa = PBXSourcesBuildPhase;
			buildActionMask = 2147483647;
			files = (
				DB74C5B91CDD9DBF00789D06 /* Score.swift in Sources */,
				DBFD22E71CDDD4F900991B8B /* FinalResultsViewController.swift in Sources */,
				DB74C5AE1CDD804900789D06 /* User.swift in Sources */,
				89A59E951CDD9392004F3439 /* RequestHandler.swift in Sources */,
				DB74C5951CDD649500789D06 /* GameScene.swift in Sources */,
				DB74C5971CDD649500789D06 /* GameViewController.swift in Sources */,
				DBE07BB11CDE3BEC004038EA /* IntermediateResultsViewController.swift in Sources */,
				89A59E971CDD9D22004F3439 /* LifeEvent.swift in Sources */,
				DB74C5911CDD649500789D06 /* AppDelegate.swift in Sources */,
				DBFD22E11CDDC77600991B8B /* FinalResultsScreen.swift in Sources */,
			);
			runOnlyForDeploymentPostprocessing = 0;
		};
/* End PBXSourcesBuildPhase section */

/* Begin PBXVariantGroup section */
		DB74C5981CDD649500789D06 /* Main.storyboard */ = {
			isa = PBXVariantGroup;
			children = (
				DB74C5991CDD649500789D06 /* Base */,
			);
			name = Main.storyboard;
			sourceTree = "<group>";
		};
		DB74C59D1CDD649500789D06 /* LaunchScreen.storyboard */ = {
			isa = PBXVariantGroup;
			children = (
				DB74C59E1CDD649500789D06 /* Base */,
			);
			name = LaunchScreen.storyboard;
			sourceTree = "<group>";
		};
/* End PBXVariantGroup section */

/* Begin XCBuildConfiguration section */
		DB74C5A11CDD649500789D06 /* Debug */ = {
			isa = XCBuildConfiguration;
			buildSettings = {
				ALWAYS_SEARCH_USER_PATHS = NO;
				CLANG_ANALYZER_NONNULL = YES;
				CLANG_CXX_LANGUAGE_STANDARD = "gnu++0x";
				CLANG_CXX_LIBRARY = "libc++";
				CLANG_ENABLE_MODULES = YES;
				CLANG_ENABLE_OBJC_ARC = YES;
				CLANG_WARN_BOOL_CONVERSION = YES;
				CLANG_WARN_CONSTANT_CONVERSION = YES;
				CLANG_WARN_DIRECT_OBJC_ISA_USAGE = YES_ERROR;
				CLANG_WARN_EMPTY_BODY = YES;
				CLANG_WARN_ENUM_CONVERSION = YES;
				CLANG_WARN_INT_CONVERSION = YES;
				CLANG_WARN_OBJC_ROOT_CLASS = YES_ERROR;
				CLANG_WARN_UNREACHABLE_CODE = YES;
				CLANG_WARN__DUPLICATE_METHOD_MATCH = YES;
				"CODE_SIGN_IDENTITY[sdk=iphoneos*]" = "iPhone Developer";
				COPY_PHASE_STRIP = NO;
				DEBUG_INFORMATION_FORMAT = "dwarf-with-dsym";
				ENABLE_STRICT_OBJC_MSGSEND = YES;
				ENABLE_TESTABILITY = YES;
				GCC_C_LANGUAGE_STANDARD = gnu99;
				GCC_DYNAMIC_NO_PIC = NO;
				GCC_NO_COMMON_BLOCKS = YES;
				GCC_OPTIMIZATION_LEVEL = 0;
				GCC_PREPROCESSOR_DEFINITIONS = (
					"DEBUG=1",
					"$(inherited)",
				);
				GCC_WARN_64_TO_32_BIT_CONVERSION = YES;
				GCC_WARN_ABOUT_RETURN_TYPE = YES_ERROR;
				GCC_WARN_UNDECLARED_SELECTOR = YES;
				GCC_WARN_UNINITIALIZED_AUTOS = YES_AGGRESSIVE;
				GCC_WARN_UNUSED_FUNCTION = YES;
				GCC_WARN_UNUSED_VARIABLE = YES;
				IPHONEOS_DEPLOYMENT_TARGET = 9.3;
				MTL_ENABLE_DEBUG_INFO = YES;
				ONLY_ACTIVE_ARCH = YES;
				SDKROOT = iphoneos;
				SWIFT_OPTIMIZATION_LEVEL = "-Onone";
				TARGETED_DEVICE_FAMILY = "1,2";
			};
			name = Debug;
		};
		DB74C5A21CDD649500789D06 /* Release */ = {
			isa = XCBuildConfiguration;
			buildSettings = {
				ALWAYS_SEARCH_USER_PATHS = NO;
				CLANG_ANALYZER_NONNULL = YES;
				CLANG_CXX_LANGUAGE_STANDARD = "gnu++0x";
				CLANG_CXX_LIBRARY = "libc++";
				CLANG_ENABLE_MODULES = YES;
				CLANG_ENABLE_OBJC_ARC = YES;
				CLANG_WARN_BOOL_CONVERSION = YES;
				CLANG_WARN_CONSTANT_CONVERSION = YES;
				CLANG_WARN_DIRECT_OBJC_ISA_USAGE = YES_ERROR;
				CLANG_WARN_EMPTY_BODY = YES;
				CLANG_WARN_ENUM_CONVERSION = YES;
				CLANG_WARN_INT_CONVERSION = YES;
				CLANG_WARN_OBJC_ROOT_CLASS = YES_ERROR;
				CLANG_WARN_UNREACHABLE_CODE = YES;
				CLANG_WARN__DUPLICATE_METHOD_MATCH = YES;
				"CODE_SIGN_IDENTITY[sdk=iphoneos*]" = "iPhone Developer";
				COPY_PHASE_STRIP = NO;
				DEBUG_INFORMATION_FORMAT = "dwarf-with-dsym";
				ENABLE_NS_ASSERTIONS = NO;
				ENABLE_STRICT_OBJC_MSGSEND = YES;
				GCC_C_LANGUAGE_STANDARD = gnu99;
				GCC_NO_COMMON_BLOCKS = YES;
				GCC_WARN_64_TO_32_BIT_CONVERSION = YES;
				GCC_WARN_ABOUT_RETURN_TYPE = YES_ERROR;
				GCC_WARN_UNDECLARED_SELECTOR = YES;
				GCC_WARN_UNINITIALIZED_AUTOS = YES_AGGRESSIVE;
				GCC_WARN_UNUSED_FUNCTION = YES;
				GCC_WARN_UNUSED_VARIABLE = YES;
				IPHONEOS_DEPLOYMENT_TARGET = 9.3;
				MTL_ENABLE_DEBUG_INFO = NO;
				SDKROOT = iphoneos;
				TARGETED_DEVICE_FAMILY = "1,2";
				VALIDATE_PRODUCT = YES;
			};
			name = Release;
		};
		DB74C5A41CDD649500789D06 /* Debug */ = {
			isa = XCBuildConfiguration;
			baseConfigurationReference = 5D41700E19E476BCA7F645DE /* Pods-TransUnion.debug.xcconfig */;
			buildSettings = {
				ASSETCATALOG_COMPILER_APPICON_NAME = AppIcon;
				CODE_SIGN_IDENTITY = "iPhone Developer";
				"CODE_SIGN_IDENTITY[sdk=iphoneos*]" = "iPhone Developer";
				INFOPLIST_FILE = TransUnion/Info.plist;
				LD_RUNPATH_SEARCH_PATHS = "$(inherited) @executable_path/Frameworks";
				PRODUCT_BUNDLE_IDENTIFIER = com.Vanessa.TransUnion;
				PRODUCT_NAME = "$(TARGET_NAME)";
				PROVISIONING_PROFILE = "";
				TARGETED_DEVICE_FAMILY = 1;
			};
			name = Debug;
		};
		DB74C5A51CDD649500789D06 /* Release */ = {
			isa = XCBuildConfiguration;
			baseConfigurationReference = A9A4669195EFE3F00E4D7198 /* Pods-TransUnion.release.xcconfig */;
			buildSettings = {
				ASSETCATALOG_COMPILER_APPICON_NAME = AppIcon;
				CODE_SIGN_IDENTITY = "iPhone Developer";
				"CODE_SIGN_IDENTITY[sdk=iphoneos*]" = "iPhone Developer";
				INFOPLIST_FILE = TransUnion/Info.plist;
				LD_RUNPATH_SEARCH_PATHS = "$(inherited) @executable_path/Frameworks";
				PRODUCT_BUNDLE_IDENTIFIER = com.Vanessa.TransUnion;
				PRODUCT_NAME = "$(TARGET_NAME)";
				PROVISIONING_PROFILE = "";
				TARGETED_DEVICE_FAMILY = 1;
			};
			name = Release;
		};
/* End XCBuildConfiguration section */

/* Begin XCConfigurationList section */
		DB74C5881CDD649500789D06 /* Build configuration list for PBXProject "TransUnion" */ = {
			isa = XCConfigurationList;
			buildConfigurations = (
				DB74C5A11CDD649500789D06 /* Debug */,
				DB74C5A21CDD649500789D06 /* Release */,
			);
			defaultConfigurationIsVisible = 0;
			defaultConfigurationName = Release;
		};
		DB74C5A31CDD649500789D06 /* Build configuration list for PBXNativeTarget "TransUnion" */ = {
			isa = XCConfigurationList;
			buildConfigurations = (
				DB74C5A41CDD649500789D06 /* Debug */,
				DB74C5A51CDD649500789D06 /* Release */,
			);
			defaultConfigurationIsVisible = 0;
			defaultConfigurationName = Release;
		};
/* End XCConfigurationList section */
	};
	rootObject = DB74C5851CDD649500789D06 /* Project object */;
}
